
Microsoft Visual Studio Solution File, Format Version 12.00
# Visual Studio 15
Project("{FAE04EC0-301F-11D3-BF4B-00C04F79EFBC}") = "Assembly-CSharp", "Assembly-CSharp.csproj", "{DAA37E11-EEEB-1D76-4D06-2AA85CDE46BA}"
EndProject
Global
	GlobalSection(SolutionConfigurationPlatforms) = preSolution
		Debug|Any CPU = Debug|Any CPU
		Release|Any CPU = Release|Any CPU
	EndGlobalSection
	GlobalSection(ProjectConfigurationPlatforms) = postSolution
		{DAA37E11-EEEB-1D76-4D06-2AA85CDE46BA}.Debug|Any CPU.ActiveCfg = Debug|Any CPU
		{DAA37E11-EEEB-1D76-4D06-2AA85CDE46BA}.Debug|Any CPU.Build.0 = Debug|Any CPU
		{DAA37E11-EEEB-1D76-4D06-2AA85CDE46BA}.Release|Any CPU.ActiveCfg = Release|Any CPU
		{DAA37E11-EEEB-1D76-4D06-2AA85CDE46BA}.Release|Any CPU.Build.0 = Release|Any CPU
	EndGlobalSection
	GlobalSection(SolutionProperties) = preSolution
		HideSolutionNode = FALSE
	EndGlobalSection
EndGlobal
